// !$*UTF8*$!
{
	archiveVersion = 1;
	classes = {
	};
	objectVersion = 56;
	objects = {

/* Begin PBXBuildFile section */
		87D91BCB2BADAE2C0077081C /* ClothingShopDemoApp.swift in Sources */ = {isa = PBXBuildFile; fileRef = 87D91BCA2BADAE2C0077081C /* ClothingShopDemoApp.swift */; };
		87D91BD22BADAE2E0077081C /* Preview Assets.xcassets in Resources */ = {isa = PBXBuildFile; fileRef = 87D91BD12BADAE2E0077081C /* Preview Assets.xcassets */; };
		87D91BDC2BADAE2E0077081C /* ClothingShopDemoTests.swift in Sources */ = {isa = PBXBuildFile; fileRef = 87D91BDB2BADAE2E0077081C /* ClothingShopDemoTests.swift */; };
		87D91BE62BADAE2E0077081C /* ClothingShopDemoUITests.swift in Sources */ = {isa = PBXBuildFile; fileRef = 87D91BE52BADAE2E0077081C /* ClothingShopDemoUITests.swift */; };
		87D91BE82BADAE2E0077081C /* ClothingShopDemoUITestsLaunchTests.swift in Sources */ = {isa = PBXBuildFile; fileRef = 87D91BE72BADAE2E0077081C /* ClothingShopDemoUITestsLaunchTests.swift */; };
		87D91BF62BADBEC90077081C /* Product.swift in Sources */ = {isa = PBXBuildFile; fileRef = 87D91BF52BADBEC90077081C /* Product.swift */; };
		87D91C042BB078400077081C /* HomeView.swift in Sources */ = {isa = PBXBuildFile; fileRef = 87D91C032BB078400077081C /* HomeView.swift */; };
		87D91C062BB079F60077081C /* HeaderView.swift in Sources */ = {isa = PBXBuildFile; fileRef = 87D91C052BB079F50077081C /* HeaderView.swift */; };
		87D91C0B2BB0D5830077081C /* typealiases.swift in Sources */ = {isa = PBXBuildFile; fileRef = 87D91C0A2BB0D5830077081C /* typealiases.swift */; };
		87D91C112BB14F910077081C /* TenorSans-Regular.ttf in Resources */ = {isa = PBXBuildFile; fileRef = 87D91C102BB14F910077081C /* TenorSans-Regular.ttf */; };
		87D91C162BB2CFAD0077081C /* Enums.swift in Sources */ = {isa = PBXBuildFile; fileRef = 87D91C152BB2CFAD0077081C /* Enums.swift */; };
		87D91C182BB31D920077081C /* Constants.swift in Sources */ = {isa = PBXBuildFile; fileRef = 87D91C172BB31D920077081C /* Constants.swift */; };
		87D91C1A2BB408E80077081C /* CategoryView.swift in Sources */ = {isa = PBXBuildFile; fileRef = 87D91C192BB408E80077081C /* CategoryView.swift */; };
		87D91C1C2BB424C30077081C /* ProductItemView.swift in Sources */ = {isa = PBXBuildFile; fileRef = 87D91C1B2BB424C30077081C /* ProductItemView.swift */; };
		87D91C202BB43D150077081C /* SideMenuViewTemp.swift in Sources */ = {isa = PBXBuildFile; fileRef = 87D91C1F2BB43D150077081C /* SideMenuViewTemp.swift */; };
		87D91C222BB4675D0077081C /* SideView.swift in Sources */ = {isa = PBXBuildFile; fileRef = 87D91C212BB4675D0077081C /* SideView.swift */; };
		87D91C242BB46D670077081C /* GenderView.swift in Sources */ = {isa = PBXBuildFile; fileRef = 87D91C232BB46D670077081C /* GenderView.swift */; };
		87D91C282BB58F820077081C /* CartItem.swift in Sources */ = {isa = PBXBuildFile; fileRef = 87D91C272BB58F820077081C /* CartItem.swift */; };
		87D91C302BB65F520077081C /* ProductsList.swift in Sources */ = {isa = PBXBuildFile; fileRef = 87D91C2F2BB65F520077081C /* ProductsList.swift */; };
		87D91C342BB6DAB90077081C /* CartButton.swift in Sources */ = {isa = PBXBuildFile; fileRef = 87D91C332BB6DAB90077081C /* CartButton.swift */; };
		87D91C3C2BB700040077081C /* ItemView.swift in Sources */ = {isa = PBXBuildFile; fileRef = 87D91C3B2BB700040077081C /* ItemView.swift */; };
		87D91C3E2BB834CA0077081C /* CartView.swift in Sources */ = {isa = PBXBuildFile; fileRef = 87D91C3D2BB834CA0077081C /* CartView.swift */; };
		87D91C422BB840560077081C /* CartManager.swift in Sources */ = {isa = PBXBuildFile; fileRef = 87D91C412BB840560077081C /* CartManager.swift */; };
		87D91C462BB9189E0077081C /* ProductViewModel.swift in Sources */ = {isa = PBXBuildFile; fileRef = 87D91C452BB9189E0077081C /* ProductViewModel.swift */; };
		87D91C482BBA90030077081C /* Assets.xcassets in Resources */ = {isa = PBXBuildFile; fileRef = 87D91C472BBA90020077081C /* Assets.xcassets */; };
/* End PBXBuildFile section */

/* Begin PBXContainerItemProxy section */
		87D91BD82BADAE2E0077081C /* PBXContainerItemProxy */ = {
			isa = PBXContainerItemProxy;
			containerPortal = 87D91BBF2BADAE2C0077081C /* Project object */;
			proxyType = 1;
			remoteGlobalIDString = 87D91BC62BADAE2C0077081C;
			remoteInfo = ClothingShopDemo;
		};
		87D91BE22BADAE2E0077081C /* PBXContainerItemProxy */ = {
			isa = PBXContainerItemProxy;
			containerPortal = 87D91BBF2BADAE2C0077081C /* Project object */;
			proxyType = 1;
			remoteGlobalIDString = 87D91BC62BADAE2C0077081C;
			remoteInfo = ClothingShopDemo;
		};
/* End PBXContainerItemProxy section */

/* Begin PBXFileReference section */
		87D91BC72BADAE2C0077081C /* ClothingShopDemo.app */ = {isa = PBXFileReference; explicitFileType = wrapper.application; includeInIndex = 0; path = ClothingShopDemo.app; sourceTree = BUILT_PRODUCTS_DIR; };
		87D91BCA2BADAE2C0077081C /* ClothingShopDemoApp.swift */ = {isa = PBXFileReference; lastKnownFileType = sourcecode.swift; path = ClothingShopDemoApp.swift; sourceTree = "<group>"; };
		87D91BD12BADAE2E0077081C /* Preview Assets.xcassets */ = {isa = PBXFileReference; lastKnownFileType = folder.assetcatalog; path = "Preview Assets.xcassets"; sourceTree = "<group>"; };
		87D91BD72BADAE2E0077081C /* ClothingShopDemoTests.xctest */ = {isa = PBXFileReference; explicitFileType = wrapper.cfbundle; includeInIndex = 0; path = ClothingShopDemoTests.xctest; sourceTree = BUILT_PRODUCTS_DIR; };
		87D91BDB2BADAE2E0077081C /* ClothingShopDemoTests.swift */ = {isa = PBXFileReference; lastKnownFileType = sourcecode.swift; path = ClothingShopDemoTests.swift; sourceTree = "<group>"; };
		87D91BE12BADAE2E0077081C /* ClothingShopDemoUITests.xctest */ = {isa = PBXFileReference; explicitFileType = wrapper.cfbundle; includeInIndex = 0; path = ClothingShopDemoUITests.xctest; sourceTree = BUILT_PRODUCTS_DIR; };
		87D91BE52BADAE2E0077081C /* ClothingShopDemoUITests.swift */ = {isa = PBXFileReference; lastKnownFileType = sourcecode.swift; path = ClothingShopDemoUITests.swift; sourceTree = "<group>"; };
		87D91BE72BADAE2E0077081C /* ClothingShopDemoUITestsLaunchTests.swift */ = {isa = PBXFileReference; lastKnownFileType = sourcecode.swift; path = ClothingShopDemoUITestsLaunchTests.swift; sourceTree = "<group>"; };
		87D91BF52BADBEC90077081C /* Product.swift */ = {isa = PBXFileReference; lastKnownFileType = sourcecode.swift; path = Product.swift; sourceTree = "<group>"; };
		87D91C032BB078400077081C /* HomeView.swift */ = {isa = PBXFileReference; lastKnownFileType = sourcecode.swift; path = HomeView.swift; sourceTree = "<group>"; };
		87D91C052BB079F50077081C /* HeaderView.swift */ = {isa = PBXFileReference; lastKnownFileType = sourcecode.swift; path = HeaderView.swift; sourceTree = "<group>"; };
		87D91C0A2BB0D5830077081C /* typealiases.swift */ = {isa = PBXFileReference; lastKnownFileType = sourcecode.swift; path = typealiases.swift; sourceTree = "<group>"; };
		87D91C0F2BB14E960077081C /* Info.plist */ = {isa = PBXFileReference; lastKnownFileType = text.plist; path = Info.plist; sourceTree = "<group>"; };
		87D91C102BB14F910077081C /* TenorSans-Regular.ttf */ = {isa = PBXFileReference; lastKnownFileType = file; path = "TenorSans-Regular.ttf"; sourceTree = "<group>"; };
		87D91C152BB2CFAD0077081C /* Enums.swift */ = {isa = PBXFileReference; lastKnownFileType = sourcecode.swift; path = Enums.swift; sourceTree = "<group>"; };
		87D91C172BB31D920077081C /* Constants.swift */ = {isa = PBXFileReference; lastKnownFileType = sourcecode.swift; path = Constants.swift; sourceTree = "<group>"; };
		87D91C192BB408E80077081C /* CategoryView.swift */ = {isa = PBXFileReference; lastKnownFileType = sourcecode.swift; path = CategoryView.swift; sourceTree = "<group>"; };
		87D91C1B2BB424C30077081C /* ProductItemView.swift */ = {isa = PBXFileReference; lastKnownFileType = sourcecode.swift; path = ProductItemView.swift; sourceTree = "<group>"; };
		87D91C1F2BB43D150077081C /* SideMenuViewTemp.swift */ = {isa = PBXFileReference; lastKnownFileType = sourcecode.swift; path = SideMenuViewTemp.swift; sourceTree = "<group>"; };
		87D91C212BB4675D0077081C /* SideView.swift */ = {isa = PBXFileReference; lastKnownFileType = sourcecode.swift; path = SideView.swift; sourceTree = "<group>"; };
		87D91C232BB46D670077081C /* GenderView.swift */ = {isa = PBXFileReference; lastKnownFileType = sourcecode.swift; path = GenderView.swift; sourceTree = "<group>"; };
		87D91C272BB58F820077081C /* CartItem.swift */ = {isa = PBXFileReference; lastKnownFileType = sourcecode.swift; path = CartItem.swift; sourceTree = "<group>"; };
		87D91C2F2BB65F520077081C /* ProductsList.swift */ = {isa = PBXFileReference; lastKnownFileType = sourcecode.swift; path = ProductsList.swift; sourceTree = "<group>"; };
		87D91C332BB6DAB90077081C /* CartButton.swift */ = {isa = PBXFileReference; lastKnownFileType = sourcecode.swift; path = CartButton.swift; sourceTree = "<group>"; };
		87D91C3B2BB700040077081C /* ItemView.swift */ = {isa = PBXFileReference; lastKnownFileType = sourcecode.swift; path = ItemView.swift; sourceTree = "<group>"; };
		87D91C3D2BB834CA0077081C /* CartView.swift */ = {isa = PBXFileReference; lastKnownFileType = sourcecode.swift; path = CartView.swift; sourceTree = "<group>"; };
		87D91C412BB840560077081C /* CartManager.swift */ = {isa = PBXFileReference; lastKnownFileType = sourcecode.swift; path = CartManager.swift; sourceTree = "<group>"; };
		87D91C452BB9189E0077081C /* ProductViewModel.swift */ = {isa = PBXFileReference; lastKnownFileType = sourcecode.swift; path = ProductViewModel.swift; sourceTree = "<group>"; };
		87D91C472BBA90020077081C /* Assets.xcassets */ = {isa = PBXFileReference; lastKnownFileType = folder.assetcatalog; path = Assets.xcassets; sourceTree = "<group>"; };
/* End PBXFileReference section */

/* Begin PBXFrameworksBuildPhase section */
		87D91BC42BADAE2C0077081C /* Frameworks */ = {
			isa = PBXFrameworksBuildPhase;
			buildActionMask = 2147483647;
			files = (
			);
			runOnlyForDeploymentPostprocessing = 0;
		};
		87D91BD42BADAE2E0077081C /* Frameworks */ = {
			isa = PBXFrameworksBuildPhase;
			buildActionMask = 2147483647;
			files = (
			);
			runOnlyForDeploymentPostprocessing = 0;
		};
		87D91BDE2BADAE2E0077081C /* Frameworks */ = {
			isa = PBXFrameworksBuildPhase;
			buildActionMask = 2147483647;
			files = (
			);
			runOnlyForDeploymentPostprocessing = 0;
		};
/* End PBXFrameworksBuildPhase section */

/* Begin PBXGroup section */
		87D91BBE2BADAE2C0077081C = {
			isa = PBXGroup;
			children = (
				87D91BC92BADAE2C0077081C /* ClothingShopDemo */,
				87D91BDA2BADAE2E0077081C /* ClothingShopDemoTests */,
				87D91BE42BADAE2E0077081C /* ClothingShopDemoUITests */,
				87D91BC82BADAE2C0077081C /* Products */,
			);
			sourceTree = "<group>";
		};
		87D91BC82BADAE2C0077081C /* Products */ = {
			isa = PBXGroup;
			children = (
				87D91BC72BADAE2C0077081C /* ClothingShopDemo.app */,
				87D91BD72BADAE2E0077081C /* ClothingShopDemoTests.xctest */,
				87D91BE12BADAE2E0077081C /* ClothingShopDemoUITests.xctest */,
			);
			name = Products;
			sourceTree = "<group>";
		};
		87D91BC92BADAE2C0077081C /* ClothingShopDemo */ = {
			isa = PBXGroup;
			children = (
				87D91C472BBA90020077081C /* Assets.xcassets */,
				87D91C0F2BB14E960077081C /* Info.plist */,
				87D91BCA2BADAE2C0077081C /* ClothingShopDemoApp.swift */,
				87D91C0C2BB14DBC0077081C /* Fonts */,
				87D91C092BB0D5590077081C /* Supports */,
				87D91C442BB9186A0077081C /* ViewModels */,
				87D91BFA2BAEEE880077081C /* Views */,
				87D91BF42BADBE900077081C /* Models */,
				87D91BD02BADAE2E0077081C /* Preview Content */,
			);
			path = ClothingShopDemo;
			sourceTree = "<group>";
		};
		87D91BD02BADAE2E0077081C /* Preview Content */ = {
			isa = PBXGroup;
			children = (
				87D91BD12BADAE2E0077081C /* Preview Assets.xcassets */,
			);
			path = "Preview Content";
			sourceTree = "<group>";
		};
		87D91BDA2BADAE2E0077081C /* ClothingShopDemoTests */ = {
			isa = PBXGroup;
			children = (
				87D91BDB2BADAE2E0077081C /* ClothingShopDemoTests.swift */,
			);
			path = ClothingShopDemoTests;
			sourceTree = "<group>";
		};
		87D91BE42BADAE2E0077081C /* ClothingShopDemoUITests */ = {
			isa = PBXGroup;
			children = (
				87D91BE52BADAE2E0077081C /* ClothingShopDemoUITests.swift */,
				87D91BE72BADAE2E0077081C /* ClothingShopDemoUITestsLaunchTests.swift */,
			);
			path = ClothingShopDemoUITests;
			sourceTree = "<group>";
		};
		87D91BF42BADBE900077081C /* Models */ = {
			isa = PBXGroup;
			children = (
				87D91BF52BADBEC90077081C /* Product.swift */,
				87D91C272BB58F820077081C /* CartItem.swift */,
			);
			path = Models;
			sourceTree = "<group>";
		};
		87D91BFA2BAEEE880077081C /* Views */ = {
			isa = PBXGroup;
			children = (
				87D91C1E2BB43CAA0077081C /* MainViews */,
				87D91C1D2BB425E20077081C /* SupportViews */,
			);
			path = Views;
			sourceTree = "<group>";
		};
		87D91C092BB0D5590077081C /* Supports */ = {
			isa = PBXGroup;
			children = (
				87D91C122BB1CC930077081C /* Extentions */,
				87D91C0A2BB0D5830077081C /* typealiases.swift */,
				87D91C152BB2CFAD0077081C /* Enums.swift */,
				87D91C192BB408E80077081C /* CategoryView.swift */,
			);
			path = Supports;
			sourceTree = "<group>";
		};
		87D91C0C2BB14DBC0077081C /* Fonts */ = {
			isa = PBXGroup;
			children = (
				87D91C102BB14F910077081C /* TenorSans-Regular.ttf */,
			);
			path = Fonts;
			sourceTree = "<group>";
		};
		87D91C122BB1CC930077081C /* Extentions */ = {
			isa = PBXGroup;
			children = (
				87D91C172BB31D920077081C /* Constants.swift */,
			);
			path = Extentions;
			sourceTree = "<group>";
		};
		87D91C1D2BB425E20077081C /* SupportViews */ = {
			isa = PBXGroup;
			children = (
				87D91C052BB079F50077081C /* HeaderView.swift */,
				87D91C1B2BB424C30077081C /* ProductItemView.swift */,
				87D91C212BB4675D0077081C /* SideView.swift */,
				87D91C232BB46D670077081C /* GenderView.swift */,
				87D91C332BB6DAB90077081C /* CartButton.swift */,
				87D91C412BB840560077081C /* CartManager.swift */,
			);
			path = SupportViews;
			sourceTree = "<group>";
		};
		87D91C1E2BB43CAA0077081C /* MainViews */ = {
			isa = PBXGroup;
			children = (
				87D91C032BB078400077081C /* HomeView.swift */,
				87D91C1F2BB43D150077081C /* SideMenuViewTemp.swift */,
				87D91C2F2BB65F520077081C /* ProductsList.swift */,
				87D91C3D2BB834CA0077081C /* CartView.swift */,
				87D91C3B2BB700040077081C /* ItemView.swift */,
			);
			path = MainViews;
			sourceTree = "<group>";
		};
		87D91C442BB9186A0077081C /* ViewModels */ = {
			isa = PBXGroup;
			children = (
				87D91C452BB9189E0077081C /* ProductViewModel.swift */,
			);
			path = ViewModels;
			sourceTree = "<group>";
		};
/* End PBXGroup section */

/* Begin PBXNativeTarget section */
		87D91BC62BADAE2C0077081C /* ClothingShopDemo */ = {
			isa = PBXNativeTarget;
			buildConfigurationList = 87D91BEB2BADAE2E0077081C /* Build configuration list for PBXNativeTarget "ClothingShopDemo" */;
			buildPhases = (
				87D91BC32BADAE2C0077081C /* Sources */,
				87D91BC42BADAE2C0077081C /* Frameworks */,
				87D91BC52BADAE2C0077081C /* Resources */,
			);
			buildRules = (
			);
			dependencies = (
			);
			name = ClothingShopDemo;
			productName = ClothingShopDemo;
			productReference = 87D91BC72BADAE2C0077081C /* ClothingShopDemo.app */;
			productType = "com.apple.product-type.application";
		};
		87D91BD62BADAE2E0077081C /* ClothingShopDemoTests */ = {
			isa = PBXNativeTarget;
			buildConfigurationList = 87D91BEE2BADAE2E0077081C /* Build configuration list for PBXNativeTarget "ClothingShopDemoTests" */;
			buildPhases = (
				87D91BD32BADAE2E0077081C /* Sources */,
				87D91BD42BADAE2E0077081C /* Frameworks */,
				87D91BD52BADAE2E0077081C /* Resources */,
			);
			buildRules = (
			);
			dependencies = (
				87D91BD92BADAE2E0077081C /* PBXTargetDependency */,
			);
			name = ClothingShopDemoTests;
			productName = ClothingShopDemoTests;
			productReference = 87D91BD72BADAE2E0077081C /* ClothingShopDemoTests.xctest */;
			productType = "com.apple.product-type.bundle.unit-test";
		};
		87D91BE02BADAE2E0077081C /* ClothingShopDemoUITests */ = {
			isa = PBXNativeTarget;
			buildConfigurationList = 87D91BF12BADAE2E0077081C /* Build configuration list for PBXNativeTarget "ClothingShopDemoUITests" */;
			buildPhases = (
				87D91BDD2BADAE2E0077081C /* Sources */,
				87D91BDE2BADAE2E0077081C /* Frameworks */,
				87D91BDF2BADAE2E0077081C /* Resources */,
			);
			buildRules = (
			);
			dependencies = (
				87D91BE32BADAE2E0077081C /* PBXTargetDependency */,
			);
			name = ClothingShopDemoUITests;
			productName = ClothingShopDemoUITests;
			productReference = 87D91BE12BADAE2E0077081C /* ClothingShopDemoUITests.xctest */;
			productType = "com.apple.product-type.bundle.ui-testing";
		};
/* End PBXNativeTarget section */

/* Begin PBXProject section */
		87D91BBF2BADAE2C0077081C /* Project object */ = {
			isa = PBXProject;
			attributes = {
				BuildIndependentTargetsInParallel = 1;
				LastSwiftUpdateCheck = 1520;
				LastUpgradeCheck = 1520;
				TargetAttributes = {
					87D91BC62BADAE2C0077081C = {
						CreatedOnToolsVersion = 15.2;
					};
					87D91BD62BADAE2E0077081C = {
						CreatedOnToolsVersion = 15.2;
						TestTargetID = 87D91BC62BADAE2C0077081C;
					};
					87D91BE02BADAE2E0077081C = {
						CreatedOnToolsVersion = 15.2;
						TestTargetID = 87D91BC62BADAE2C0077081C;
					};
				};
			};
			buildConfigurationList = 87D91BC22BADAE2C0077081C /* Build configuration list for PBXProject "ClothingShopDemo" */;
			compatibilityVersion = "Xcode 14.0";
			developmentRegion = en;
			hasScannedForEncodings = 0;
			knownRegions = (
				en,
				Base,
			);
			mainGroup = 87D91BBE2BADAE2C0077081C;
			productRefGroup = 87D91BC82BADAE2C0077081C /* Products */;
			projectDirPath = "";
			projectRoot = "";
			targets = (
				87D91BC62BADAE2C0077081C /* ClothingShopDemo */,
				87D91BD62BADAE2E0077081C /* ClothingShopDemoTests */,
				87D91BE02BADAE2E0077081C /* ClothingShopDemoUITests */,
			);
		};
/* End PBXProject section */

/* Begin PBXResourcesBuildPhase section */
		87D91BC52BADAE2C0077081C /* Resources */ = {
			isa = PBXResourcesBuildPhase;
			buildActionMask = 2147483647;
			files = (
				87D91C112BB14F910077081C /* TenorSans-Regular.ttf in Resources */,
				87D91C482BBA90030077081C /* Assets.xcassets in Resources */,
				87D91BD22BADAE2E0077081C /* Preview Assets.xcassets in Resources */,
			);
			runOnlyForDeploymentPostprocessing = 0;
		};
		87D91BD52BADAE2E0077081C /* Resources */ = {
			isa = PBXResourcesBuildPhase;
			buildActionMask = 2147483647;
			files = (
			);
			runOnlyForDeploymentPostprocessing = 0;
		};
		87D91BDF2BADAE2E0077081C /* Resources */ = {
			isa = PBXResourcesBuildPhase;
			buildActionMask = 2147483647;
			files = (
			);
			runOnlyForDeploymentPostprocessing = 0;
		};
/* End PBXResourcesBuildPhase section */

/* Begin PBXSourcesBuildPhase section */
		87D91BC32BADAE2C0077081C /* Sources */ = {
			isa = PBXSourcesBuildPhase;
			buildActionMask = 2147483647;
			files = (
				87D91C3E2BB834CA0077081C /* CartView.swift in Sources */,
				87D91C0B2BB0D5830077081C /* typealiases.swift in Sources */,
				87D91C282BB58F820077081C /* CartItem.swift in Sources */,
				87D91C3C2BB700040077081C /* ItemView.swift in Sources */,
				87D91C042BB078400077081C /* HomeView.swift in Sources */,
				87D91C422BB840560077081C /* CartManager.swift in Sources */,
				87D91C162BB2CFAD0077081C /* Enums.swift in Sources */,
				87D91C1C2BB424C30077081C /* ProductItemView.swift in Sources */,
				87D91C182BB31D920077081C /* Constants.swift in Sources */,
				87D91C1A2BB408E80077081C /* CategoryView.swift in Sources */,
				87D91C202BB43D150077081C /* SideMenuViewTemp.swift in Sources */,
				87D91C342BB6DAB90077081C /* CartButton.swift in Sources */,
				87D91C242BB46D670077081C /* GenderView.swift in Sources */,
				87D91BCB2BADAE2C0077081C /* ClothingShopDemoApp.swift in Sources */,
				87D91C462BB9189E0077081C /* ProductViewModel.swift in Sources */,
				87D91C062BB079F60077081C /* HeaderView.swift in Sources */,
				87D91C222BB4675D0077081C /* SideView.swift in Sources */,
				87D91BF62BADBEC90077081C /* Product.swift in Sources */,
				87D91C302BB65F520077081C /* ProductsList.swift in Sources */,
			);
			runOnlyForDeploymentPostprocessing = 0;
		};
		87D91BD32BADAE2E0077081C /* Sources */ = {
			isa = PBXSourcesBuildPhase;
			buildActionMask = 2147483647;
			files = (
				87D91BDC2BADAE2E0077081C /* ClothingShopDemoTests.swift in Sources */,
			);
			runOnlyForDeploymentPostprocessing = 0;
		};
		87D91BDD2BADAE2E0077081C /* Sources */ = {
			isa = PBXSourcesBuildPhase;
			buildActionMask = 2147483647;
			files = (
				87D91BE62BADAE2E0077081C /* ClothingShopDemoUITests.swift in Sources */,
				87D91BE82BADAE2E0077081C /* ClothingShopDemoUITestsLaunchTests.swift in Sources */,
			);
			runOnlyForDeploymentPostprocessing = 0;
		};
/* End PBXSourcesBuildPhase section */

/* Begin PBXTargetDependency section */
		87D91BD92BADAE2E0077081C /* PBXTargetDependency */ = {
			isa = PBXTargetDependency;
			target = 87D91BC62BADAE2C0077081C /* ClothingShopDemo */;
			targetProxy = 87D91BD82BADAE2E0077081C /* PBXContainerItemProxy */;
		};
		87D91BE32BADAE2E0077081C /* PBXTargetDependency */ = {
			isa = PBXTargetDependency;
			target = 87D91BC62BADAE2C0077081C /* ClothingShopDemo */;
			targetProxy = 87D91BE22BADAE2E0077081C /* PBXContainerItemProxy */;
		};
/* End PBXTargetDependency section */

/* Begin XCBuildConfiguration section */
		87D91BE92BADAE2E0077081C /* Debug */ = {
			isa = XCBuildConfiguration;
			buildSettings = {
				ALWAYS_SEARCH_USER_PATHS = NO;
				ASSETCATALOG_COMPILER_GENERATE_SWIFT_ASSET_SYMBOL_EXTENSIONS = YES;
				CLANG_ANALYZER_NONNULL = YES;
				CLANG_ANALYZER_NUMBER_OBJECT_CONVERSION = YES_AGGRESSIVE;
				CLANG_CXX_LANGUAGE_STANDARD = "gnu++20";
				CLANG_ENABLE_MODULES = YES;
				CLANG_ENABLE_OBJC_ARC = YES;
				CLANG_ENABLE_OBJC_WEAK = YES;
				CLANG_WARN_BLOCK_CAPTURE_AUTORELEASING = YES;
				CLANG_WARN_BOOL_CONVERSION = YES;
				CLANG_WARN_COMMA = YES;
				CLANG_WARN_CONSTANT_CONVERSION = YES;
				CLANG_WARN_DEPRECATED_OBJC_IMPLEMENTATIONS = YES;
				CLANG_WARN_DIRECT_OBJC_ISA_USAGE = YES_ERROR;
				CLANG_WARN_DOCUMENTATION_COMMENTS = YES;
				CLANG_WARN_EMPTY_BODY = YES;
				CLANG_WARN_ENUM_CONVERSION = YES;
				CLANG_WARN_INFINITE_RECURSION = YES;
				CLANG_WARN_INT_CONVERSION = YES;
				CLANG_WARN_NON_LITERAL_NULL_CONVERSION = YES;
				CLANG_WARN_OBJC_IMPLICIT_RETAIN_SELF = YES;
				CLANG_WARN_OBJC_LITERAL_CONVERSION = YES;
				CLANG_WARN_OBJC_ROOT_CLASS = YES_ERROR;
				CLANG_WARN_QUOTED_INCLUDE_IN_FRAMEWORK_HEADER = YES;
				CLANG_WARN_RANGE_LOOP_ANALYSIS = YES;
				CLANG_WARN_STRICT_PROTOTYPES = YES;
				CLANG_WARN_SUSPICIOUS_MOVE = YES;
				CLANG_WARN_UNGUARDED_AVAILABILITY = YES_AGGRESSIVE;
				CLANG_WARN_UNREACHABLE_CODE = YES;
				CLANG_WARN__DUPLICATE_METHOD_MATCH = YES;
				COPY_PHASE_STRIP = NO;
				DEBUG_INFORMATION_FORMAT = dwarf;
				ENABLE_STRICT_OBJC_MSGSEND = YES;
				ENABLE_TESTABILITY = YES;
				ENABLE_USER_SCRIPT_SANDBOXING = YES;
				GCC_C_LANGUAGE_STANDARD = gnu17;
				GCC_DYNAMIC_NO_PIC = NO;
				GCC_NO_COMMON_BLOCKS = YES;
				GCC_OPTIMIZATION_LEVEL = 0;
				GCC_PREPROCESSOR_DEFINITIONS = (
					"DEBUG=1",
					"$(inherited)",
				);
				GCC_WARN_64_TO_32_BIT_CONVERSION = YES;
				GCC_WARN_ABOUT_RETURN_TYPE = YES_ERROR;
				GCC_WARN_UNDECLARED_SELECTOR = YES;
				GCC_WARN_UNINITIALIZED_AUTOS = YES_AGGRESSIVE;
				GCC_WARN_UNUSED_FUNCTION = YES;
				GCC_WARN_UNUSED_VARIABLE = YES;
				IPHONEOS_DEPLOYMENT_TARGET = 17.2;
				LOCALIZATION_PREFERS_STRING_CATALOGS = YES;
				MTL_ENABLE_DEBUG_INFO = INCLUDE_SOURCE;
				MTL_FAST_MATH = YES;
				ONLY_ACTIVE_ARCH = YES;
				SDKROOT = iphoneos;
				SWIFT_ACTIVE_COMPILATION_CONDITIONS = "DEBUG $(inherited)";
				SWIFT_OPTIMIZATION_LEVEL = "-Onone";
			};
			name = Debug;
		};
		87D91BEA2BADAE2E0077081C /* Release */ = {
			isa = XCBuildConfiguration;
			buildSettings = {
				ALWAYS_SEARCH_USER_PATHS = NO;
				ASSETCATALOG_COMPILER_GENERATE_SWIFT_ASSET_SYMBOL_EXTENSIONS = YES;
				CLANG_ANALYZER_NONNULL = YES;
				CLANG_ANALYZER_NUMBER_OBJECT_CONVERSION = YES_AGGRESSIVE;
				CLANG_CXX_LANGUAGE_STANDARD = "gnu++20";
				CLANG_ENABLE_MODULES = YES;
				CLANG_ENABLE_OBJC_ARC = YES;
				CLANG_ENABLE_OBJC_WEAK = YES;
				CLANG_WARN_BLOCK_CAPTURE_AUTORELEASING = YES;
				CLANG_WARN_BOOL_CONVERSION = YES;
				CLANG_WARN_COMMA = YES;
				CLANG_WARN_CONSTANT_CONVERSION = YES;
				CLANG_WARN_DEPRECATED_OBJC_IMPLEMENTATIONS = YES;
				CLANG_WARN_DIRECT_OBJC_ISA_USAGE = YES_ERROR;
				CLANG_WARN_DOCUMENTATION_COMMENTS = YES;
				CLANG_WARN_EMPTY_BODY = YES;
				CLANG_WARN_ENUM_CONVERSION = YES;
				CLANG_WARN_INFINITE_RECURSION = YES;
				CLANG_WARN_INT_CONVERSION = YES;
				CLANG_WARN_NON_LITERAL_NULL_CONVERSION = YES;
				CLANG_WARN_OBJC_IMPLICIT_RETAIN_SELF = YES;
				CLANG_WARN_OBJC_LITERAL_CONVERSION = YES;
				CLANG_WARN_OBJC_ROOT_CLASS = YES_ERROR;
				CLANG_WARN_QUOTED_INCLUDE_IN_FRAMEWORK_HEADER = YES;
				CLANG_WARN_RANGE_LOOP_ANALYSIS = YES;
				CLANG_WARN_STRICT_PROTOTYPES = YES;
				CLANG_WARN_SUSPICIOUS_MOVE = YES;
				CLANG_WARN_UNGUARDED_AVAILABILITY = YES_AGGRESSIVE;
				CLANG_WARN_UNREACHABLE_CODE = YES;
				CLANG_WARN__DUPLICATE_METHOD_MATCH = YES;
				COPY_PHASE_STRIP = NO;
				DEBUG_INFORMATION_FORMAT = "dwarf-with-dsym";
				ENABLE_NS_ASSERTIONS = NO;
				ENABLE_STRICT_OBJC_MSGSEND = YES;
				ENABLE_USER_SCRIPT_SANDBOXING = YES;
				GCC_C_LANGUAGE_STANDARD = gnu17;
				GCC_NO_COMMON_BLOCKS = YES;
				GCC_WARN_64_TO_32_BIT_CONVERSION = YES;
				GCC_WARN_ABOUT_RETURN_TYPE = YES_ERROR;
				GCC_WARN_UNDECLARED_SELECTOR = YES;
				GCC_WARN_UNINITIALIZED_AUTOS = YES_AGGRESSIVE;
				GCC_WARN_UNUSED_FUNCTION = YES;
				GCC_WARN_UNUSED_VARIABLE = YES;
				IPHONEOS_DEPLOYMENT_TARGET = 17.2;
				LOCALIZATION_PREFERS_STRING_CATALOGS = YES;
				MTL_ENABLE_DEBUG_INFO = NO;
				MTL_FAST_MATH = YES;
				SDKROOT = iphoneos;
				SWIFT_COMPILATION_MODE = wholemodule;
				VALIDATE_PRODUCT = YES;
			};
			name = Release;
		};
		87D91BEC2BADAE2E0077081C /* Debug */ = {
			isa = XCBuildConfiguration;
			buildSettings = {
				ASSETCATALOG_COMPILER_APPICON_NAME = AppIcon;
				ASSETCATALOG_COMPILER_GLOBAL_ACCENT_COLOR_NAME = AccentColor;
				CODE_SIGN_STYLE = Automatic;
				CURRENT_PROJECT_VERSION = 1;
				DEVELOPMENT_ASSET_PATHS = "\"ClothingShopDemo/Preview Content\"";
				ENABLE_PREVIEWS = YES;
				GENERATE_INFOPLIST_FILE = YES;
				INFOPLIST_FILE = ClothingShopDemo/Info.plist;
				INFOPLIST_KEY_UIApplicationSceneManifest_Generation = YES;
				INFOPLIST_KEY_UIApplicationSupportsIndirectInputEvents = YES;
				INFOPLIST_KEY_UILaunchScreen_Generation = YES;
				INFOPLIST_KEY_UISupportedInterfaceOrientations_iPad = "UIInterfaceOrientationPortrait UIInterfaceOrientationPortraitUpsideDown UIInterfaceOrientationLandscapeLeft UIInterfaceOrientationLandscapeRight";
				INFOPLIST_KEY_UISupportedInterfaceOrientations_iPhone = "UIInterfaceOrientationPortrait UIInterfaceOrientationLandscapeLeft UIInterfaceOrientationLandscapeRight";
				LD_RUNPATH_SEARCH_PATHS = (
					"$(inherited)",
					"@executable_path/Frameworks",
				);
				MARKETING_VERSION = 1.0;
				PRODUCT_BUNDLE_IDENTIFIER = com.ClothingShopDemo;
				PRODUCT_NAME = "$(TARGET_NAME)";
				SWIFT_EMIT_LOC_STRINGS = YES;
				SWIFT_VERSION = 5.0;
				TARGETED_DEVICE_FAMILY = "1,2";
			};
			name = Debug;
		};
		87D91BED2BADAE2E0077081C /* Release */ = {
			isa = XCBuildConfiguration;
			buildSettings = {
				ASSETCATALOG_COMPILER_APPICON_NAME = AppIcon;
				ASSETCATALOG_COMPILER_GLOBAL_ACCENT_COLOR_NAME = AccentColor;
				CODE_SIGN_STYLE = Automatic;
				CURRENT_PROJECT_VERSION = 1;
				DEVELOPMENT_ASSET_PATHS = "\"ClothingShopDemo/Preview Content\"";
				ENABLE_PREVIEWS = YES;
				GENERATE_INFOPLIST_FILE = YES;
				INFOPLIST_FILE = ClothingShopDemo/Info.plist;
				INFOPLIST_KEY_UIApplicationSceneManifest_Generation = YES;
				INFOPLIST_KEY_UIApplicationSupportsIndirectInputEvents = YES;
				INFOPLIST_KEY_UILaunchScreen_Generation = YES;
				INFOPLIST_KEY_UISupportedInterfaceOrientations_iPad = "UIInterfaceOrientationPortrait UIInterfaceOrientationPortraitUpsideDown UIInterfaceOrientationLandscapeLeft UIInterfaceOrientationLandscapeRight";
				INFOPLIST_KEY_UISupportedInterfaceOrientations_iPhone = "UIInterfaceOrientationPortrait UIInterfaceOrientationLandscapeLeft UIInterfaceOrientationLandscapeRight";
				LD_RUNPATH_SEARCH_PATHS = (
					"$(inherited)",
					"@executable_path/Frameworks",
				);
				MARKETING_VERSION = 1.0;
				PRODUCT_BUNDLE_IDENTIFIER = com.ClothingShopDemo;
				PRODUCT_NAME = "$(TARGET_NAME)";
				SWIFT_EMIT_LOC_STRINGS = YES;
				SWIFT_VERSION = 5.0;
				TARGETED_DEVICE_FAMILY = "1,2";
			};
			name = Release;
		};
		87D91BEF2BADAE2E0077081C /* Debug */ = {
			isa = XCBuildConfiguration;
			buildSettings = {
				ALWAYS_EMBED_SWIFT_STANDARD_LIBRARIES = YES;
				BUNDLE_LOADER = "$(TEST_HOST)";
				CODE_SIGN_STYLE = Automatic;
				CURRENT_PROJECT_VERSION = 1;
				GENERATE_INFOPLIST_FILE = YES;
				IPHONEOS_DEPLOYMENT_TARGET = 17.2;
				MARKETING_VERSION = 1.0;
				PRODUCT_BUNDLE_IDENTIFIER = com.ClothingShopDemoTests;
				PRODUCT_NAME = "$(TARGET_NAME)";
				SWIFT_EMIT_LOC_STRINGS = NO;
				SWIFT_VERSION = 5.0;
				TARGETED_DEVICE_FAMILY = "1,2";
				TEST_HOST = "$(BUILT_PRODUCTS_DIR)/ClothingShopDemo.app/$(BUNDLE_EXECUTABLE_FOLDER_PATH)/ClothingShopDemo";
			};
			name = Debug;
		};
		87D91BF02BADAE2E0077081C /* Release */ = {
			isa = XCBuildConfiguration;
			buildSettings = {
				ALWAYS_EMBED_SWIFT_STANDARD_LIBRARIES = YES;
				BUNDLE_LOADER = "$(TEST_HOST)";
				CODE_SIGN_STYLE = Automatic;
				CURRENT_PROJECT_VERSION = 1;
				GENERATE_INFOPLIST_FILE = YES;
				IPHONEOS_DEPLOYMENT_TARGET = 17.2;
				MARKETING_VERSION = 1.0;
				PRODUCT_BUNDLE_IDENTIFIER = com.ClothingShopDemoTests;
				PRODUCT_NAME = "$(TARGET_NAME)";
				SWIFT_EMIT_LOC_STRINGS = NO;
				SWIFT_VERSION = 5.0;
				TARGETED_DEVICE_FAMILY = "1,2";
				TEST_HOST = "$(BUILT_PRODUCTS_DIR)/ClothingShopDemo.app/$(BUNDLE_EXECUTABLE_FOLDER_PATH)/ClothingShopDemo";
			};
			name = Release;
		};
		87D91BF22BADAE2E0077081C /* Debug */ = {
			isa = XCBuildConfiguration;
			buildSettings = {
				ALWAYS_EMBED_SWIFT_STANDARD_LIBRARIES = YES;
				CODE_SIGN_STYLE = Automatic;
				CURRENT_PROJECT_VERSION = 1;
				GENERATE_INFOPLIST_FILE = YES;
				MARKETING_VERSION = 1.0;
				PRODUCT_BUNDLE_IDENTIFIER = com.ClothingShopDemoUITests;
				PRODUCT_NAME = "$(TARGET_NAME)";
				SWIFT_EMIT_LOC_STRINGS = NO;
				SWIFT_VERSION = 5.0;
				TARGETED_DEVICE_FAMILY = "1,2";
				TEST_TARGET_NAME = ClothingShopDemo;
			};
			name = Debug;
		};
		87D91BF32BADAE2E0077081C /* Release */ = {
			isa = XCBuildConfiguration;
			buildSettings = {
				ALWAYS_EMBED_SWIFT_STANDARD_LIBRARIES = YES;
				CODE_SIGN_STYLE = Automatic;
				CURRENT_PROJECT_VERSION = 1;
				GENERATE_INFOPLIST_FILE = YES;
				MARKETING_VERSION = 1.0;
				PRODUCT_BUNDLE_IDENTIFIER = com.ClothingShopDemoUITests;
				PRODUCT_NAME = "$(TARGET_NAME)";
				SWIFT_EMIT_LOC_STRINGS = NO;
				SWIFT_VERSION = 5.0;
				TARGETED_DEVICE_FAMILY = "1,2";
				TEST_TARGET_NAME = ClothingShopDemo;
			};
			name = Release;
		};
/* End XCBuildConfiguration section */

/* Begin XCConfigurationList section */
		87D91BC22BADAE2C0077081C /* Build configuration list for PBXProject "ClothingShopDemo" */ = {
			isa = XCConfigurationList;
			buildConfigurations = (
				87D91BE92BADAE2E0077081C /* Debug */,
				87D91BEA2BADAE2E0077081C /* Release */,
			);
			defaultConfigurationIsVisible = 0;
			defaultConfigurationName = Release;
		};
		87D91BEB2BADAE2E0077081C /* Build configuration list for PBXNativeTarget "ClothingShopDemo" */ = {
			isa = XCConfigurationList;
			buildConfigurations = (
				87D91BEC2BADAE2E0077081C /* Debug */,
				87D91BED2BADAE2E0077081C /* Release */,
			);
			defaultConfigurationIsVisible = 0;
			defaultConfigurationName = Release;
		};
		87D91BEE2BADAE2E0077081C /* Build configuration list for PBXNativeTarget "ClothingShopDemoTests" */ = {
			isa = XCConfigurationList;
			buildConfigurations = (
				87D91BEF2BADAE2E0077081C /* Debug */,
				87D91BF02BADAE2E0077081C /* Release */,
			);
			defaultConfigurationIsVisible = 0;
			defaultConfigurationName = Release;
		};
		87D91BF12BADAE2E0077081C /* Build configuration list for PBXNativeTarget "ClothingShopDemoUITests" */ = {
			isa = XCConfigurationList;
			buildConfigurations = (
				87D91BF22BADAE2E0077081C /* Debug */,
				87D91BF32BADAE2E0077081C /* Release */,
			);
			defaultConfigurationIsVisible = 0;
			defaultConfigurationName = Release;
		};
/* End XCConfigurationList section */
	};
	rootObject = 87D91BBF2BADAE2C0077081C /* Project object */;
}
